
Microsoft Visual Studio Solution File, Format Version 12.00
# Visual Studio Version 17
VisualStudioVersion = 17.3.32929.385
MinimumVisualStudioVersion = 10.0.40219.1
Project("{FAE04EC0-301F-11D3-BF4B-00C04F79EFBC}") = "WpfApp1", "WpfApp1\WpfApp1.csproj", "{18610C18-9CF8-4F46-960F-F9FAB84EBC17}"
EndProject
Global
	GlobalSection(SolutionConfigurationPlatforms) = preSolution
		Debug|Any CPU = Debug|Any CPU
		Release|Any CPU = Release|Any CPU
	EndGlobalSection
	GlobalSection(ProjectConfigurationPlatforms) = postSolution
		{18610C18-9CF8-4F46-960F-F9FAB84EBC17}.Debug|Any CPU.ActiveCfg = Debug|Any CPU
		{18610C18-9CF8-4F46-960F-F9FAB84EBC17}.Debug|Any CPU.Build.0 = Debug|Any CPU
		{18610C18-9CF8-4F46-960F-F9FAB84EBC17}.Release|Any CPU.ActiveCfg = Release|Any CPU
		{18610C18-9CF8-4F46-960F-F9FAB84EBC17}.Release|Any CPU.Build.0 = Release|Any CPU
	EndGlobalSection
	GlobalSection(SolutionProperties) = preSolution
		HideSolutionNode = FALSE
	EndGlobalSection
	GlobalSection(ExtensibilityGlobals) = postSolution
		SolutionGuid = {B6C751A3-2FA7-4AE7-AA97-668C17E00F76}
	EndGlobalSection
EndGlobal
